
Microsoft Visual Studio Solution File, Format Version 12.00
# Visual Studio Version 17
VisualStudioVersion = 17.13.35913.81
MinimumVisualStudioVersion = 10.0.40219.1
Project("{FAE04EC0-301F-11D3-BF4B-00C04F79EFBC}") = "TallinnaRakenduslikKolledz", "..\..\..\..\Heinlaid\TallinnaRakenduslikKolledz_TARpe24_JuhanH\TallinnaRakenduslikKolledz\TallinnaRakenduslikKolledz.csproj", "{812D70D9-ED97-9567-F5CF-B57EB4778C7A}"
EndProject
Global
	GlobalSection(SolutionConfigurationPlatforms) = preSolution
		Debug|Any CPU = Debug|Any CPU
		Release|Any CPU = Release|Any CPU
	EndGlobalSection
	GlobalSection(ProjectConfigurationPlatforms) = postSolution
		{812D70D9-ED97-9567-F5CF-B57EB4778C7A}.Debug|Any CPU.ActiveCfg = Debug|Any CPU
		{812D70D9-ED97-9567-F5CF-B57EB4778C7A}.Debug|Any CPU.Build.0 = Debug|Any CPU
		{812D70D9-ED97-9567-F5CF-B57EB4778C7A}.Release|Any CPU.ActiveCfg = Release|Any CPU
		{812D70D9-ED97-9567-F5CF-B57EB4778C7A}.Release|Any CPU.Build.0 = Release|Any CPU
	EndGlobalSection
	GlobalSection(SolutionProperties) = preSolution
		HideSolutionNode = FALSE
	EndGlobalSection
	GlobalSection(ExtensibilityGlobals) = postSolution
		SolutionGuid = {5A0FA137-F84F-4819-9ACA-1AE3BEF91AE6}
	EndGlobalSection
EndGlobal
